{
  "name": "nightfall",
  "version": "0.0.1",
  "lockfileVersion": 1,
  "requires": true,
  "dependencies": {
    "two.js": {
      "version": "0.7.0-beta.3",
      "resolved": "https://registry.npmjs.org/two.js/-/two.js-0.7.0-beta.3.tgz",
      "integrity": "sha512-oPEmRGCo5c296Wn40+yTxYydwPTf1iwJY+EPdLoka5TxUkLkAUo10CkQxRZJ7VGmbShBxQRXQxS5i5/otwqGZg=="
    }
  }
}
